
Microsoft Visual Studio Solution File, Format Version 12.00
# Visual Studio Version 16
VisualStudioVersion = 16.0.32602.291
MinimumVisualStudioVersion = 10.0.40219.1
Project("{FAE04EC0-301F-11D3-BF4B-00C04F79EFBC}") = "Wyłącznik czasowy", "Wyłącznik czasowy\Wyłącznik czasowy.csproj", "{2CFEC174-A171-4250-AB97-34484B614A39}"
EndProject
Global
	GlobalSection(SolutionConfigurationPlatforms) = preSolution
		Debug|Any CPU = Debug|Any CPU
		Release|Any CPU = Release|Any CPU
	EndGlobalSection
	GlobalSection(ProjectConfigurationPlatforms) = postSolution
		{2CFEC174-A171-4250-AB97-34484B614A39}.Debug|Any CPU.ActiveCfg = Debug|Any CPU
		{2CFEC174-A171-4250-AB97-34484B614A39}.Debug|Any CPU.Build.0 = Debug|Any CPU
		{2CFEC174-A171-4250-AB97-34484B614A39}.Release|Any CPU.ActiveCfg = Release|Any CPU
		{2CFEC174-A171-4250-AB97-34484B614A39}.Release|Any CPU.Build.0 = Release|Any CPU
	EndGlobalSection
	GlobalSection(SolutionProperties) = preSolution
		HideSolutionNode = FALSE
	EndGlobalSection
	GlobalSection(ExtensibilityGlobals) = postSolution
		SolutionGuid = {A850D133-0613-427C-8252-64A8D29B34A2}
	EndGlobalSection
EndGlobal
